// !$*UTF8*$!
{
	archiveVersion = 1;
	classes = {
	};
	objectVersion = 56;
	objects = {

/* Begin PBXBuildFile section */
		2F051A7C294DA1F80033D85A /* crewMembers.swift in Sources */ = {isa = PBXBuildFile; fileRef = 2F051A7B294DA1F80033D85A /* crewMembers.swift */; };
		2F126B9529420A6600B89517 /* MissionView.swift in Sources */ = {isa = PBXBuildFile; fileRef = 2F126B9429420A6600B89517 /* MissionView.swift */; };
		2F43A01C2933EAE700A22A4C /* Color-Theme.swift in Sources */ = {isa = PBXBuildFile; fileRef = 2F43A01B2933EAE700A22A4C /* Color-Theme.swift */; };
		2F87EE58294398D90068C8E3 /* AstronautView.swift in Sources */ = {isa = PBXBuildFile; fileRef = 2F87EE57294398D90068C8E3 /* AstronautView.swift */; };
		2F9B1EC329275A88002CE088 /* astronauts.json in Resources */ = {isa = PBXBuildFile; fileRef = 2F9B1EC229275A87002CE088 /* astronauts.json */; };
		2F9B1EC529275A93002CE088 /* missions.json in Resources */ = {isa = PBXBuildFile; fileRef = 2F9B1EC429275A93002CE088 /* missions.json */; };
		2F9B1EC729275C96002CE088 /* Astronaut.swift in Sources */ = {isa = PBXBuildFile; fileRef = 2F9B1EC629275C96002CE088 /* Astronaut.swift */; };
		2F9B1EC929275F4F002CE088 /* Bundle-Decoadable.swift in Sources */ = {isa = PBXBuildFile; fileRef = 2F9B1EC829275F4F002CE088 /* Bundle-Decoadable.swift */; };
		2F9B1ECB2927BDDC002CE088 /* mission .swift in Sources */ = {isa = PBXBuildFile; fileRef = 2F9B1ECA2927BDDC002CE088 /* mission .swift */; };
		2FF5ECCF290DAC15001D8209 /* MoonShotApp.swift in Sources */ = {isa = PBXBuildFile; fileRef = 2FF5ECCE290DAC15001D8209 /* MoonShotApp.swift */; };
		2FF5ECD1290DAC15001D8209 /* ContentView.swift in Sources */ = {isa = PBXBuildFile; fileRef = 2FF5ECD0290DAC15001D8209 /* ContentView.swift */; };
		2FF5ECD3290DAC19001D8209 /* Assets.xcassets in Resources */ = {isa = PBXBuildFile; fileRef = 2FF5ECD2290DAC19001D8209 /* Assets.xcassets */; };
		2FF5ECD6290DAC19001D8209 /* Preview Assets.xcassets in Resources */ = {isa = PBXBuildFile; fileRef = 2FF5ECD5290DAC19001D8209 /* Preview Assets.xcassets */; };
/* End PBXBuildFile section */

/* Begin PBXFileReference section */
		2F051A7B294DA1F80033D85A /* crewMembers.swift */ = {isa = PBXFileReference; lastKnownFileType = sourcecode.swift; path = crewMembers.swift; sourceTree = "<group>"; };
		2F126B9429420A6600B89517 /* MissionView.swift */ = {isa = PBXFileReference; lastKnownFileType = sourcecode.swift; path = MissionView.swift; sourceTree = "<group>"; };
		2F43A01B2933EAE700A22A4C /* Color-Theme.swift */ = {isa = PBXFileReference; lastKnownFileType = sourcecode.swift; path = "Color-Theme.swift"; sourceTree = "<group>"; };
		2F87EE57294398D90068C8E3 /* AstronautView.swift */ = {isa = PBXFileReference; lastKnownFileType = sourcecode.swift; path = AstronautView.swift; sourceTree = "<group>"; };
		2F9B1EC229275A87002CE088 /* astronauts.json */ = {isa = PBXFileReference; fileEncoding = 4; lastKnownFileType = text.json; path = astronauts.json; sourceTree = "<group>"; };
		2F9B1EC429275A93002CE088 /* missions.json */ = {isa = PBXFileReference; fileEncoding = 4; lastKnownFileType = text.json; path = missions.json; sourceTree = "<group>"; };
		2F9B1EC629275C96002CE088 /* Astronaut.swift */ = {isa = PBXFileReference; lastKnownFileType = sourcecode.swift; path = Astronaut.swift; sourceTree = "<group>"; };
		2F9B1EC829275F4F002CE088 /* Bundle-Decoadable.swift */ = {isa = PBXFileReference; lastKnownFileType = sourcecode.swift; path = "Bundle-Decoadable.swift"; sourceTree = "<group>"; };
		2F9B1ECA2927BDDC002CE088 /* mission .swift */ = {isa = PBXFileReference; lastKnownFileType = sourcecode.swift; path = "mission .swift"; sourceTree = "<group>"; };
		2FF5ECCB290DAC15001D8209 /* MoonShot.app */ = {isa = PBXFileReference; explicitFileType = wrapper.application; includeInIndex = 0; path = MoonShot.app; sourceTree = BUILT_PRODUCTS_DIR; };
		2FF5ECCE290DAC15001D8209 /* MoonShotApp.swift */ = {isa = PBXFileReference; lastKnownFileType = sourcecode.swift; path = MoonShotApp.swift; sourceTree = "<group>"; };
		2FF5ECD0290DAC15001D8209 /* ContentView.swift */ = {isa = PBXFileReference; lastKnownFileType = sourcecode.swift; path = ContentView.swift; sourceTree = "<group>"; };
		2FF5ECD2290DAC19001D8209 /* Assets.xcassets */ = {isa = PBXFileReference; lastKnownFileType = folder.assetcatalog; path = Assets.xcassets; sourceTree = "<group>"; };
		2FF5ECD5290DAC19001D8209 /* Preview Assets.xcassets */ = {isa = PBXFileReference; lastKnownFileType = folder.assetcatalog; path = "Preview Assets.xcassets"; sourceTree = "<group>"; };
/* End PBXFileReference section */

/* Begin PBXFrameworksBuildPhase section */
		2FF5ECC8290DAC15001D8209 /* Frameworks */ = {
			isa = PBXFrameworksBuildPhase;
			buildActionMask = 2147483647;
			files = (
			);
			runOnlyForDeploymentPostprocessing = 0;
		};
/* End PBXFrameworksBuildPhase section */

/* Begin PBXGroup section */
		2FF5ECC2290DAC15001D8209 = {
			isa = PBXGroup;
			children = (
				2FF5ECCD290DAC15001D8209 /* MoonShot */,
				2FF5ECCC290DAC15001D8209 /* Products */,
			);
			sourceTree = "<group>";
		};
		2FF5ECCC290DAC15001D8209 /* Products */ = {
			isa = PBXGroup;
			children = (
				2FF5ECCB290DAC15001D8209 /* MoonShot.app */,
			);
			name = Products;
			sourceTree = "<group>";
		};
		2FF5ECCD290DAC15001D8209 /* MoonShot */ = {
			isa = PBXGroup;
			children = (
				2FF5ECCE290DAC15001D8209 /* MoonShotApp.swift */,
				2FF5ECD0290DAC15001D8209 /* ContentView.swift */,
				2F126B9429420A6600B89517 /* MissionView.swift */,
				2F051A7B294DA1F80033D85A /* crewMembers.swift */,
				2F87EE57294398D90068C8E3 /* AstronautView.swift */,
				2F43A01B2933EAE700A22A4C /* Color-Theme.swift */,
				2F9B1EC629275C96002CE088 /* Astronaut.swift */,
				2F9B1ECA2927BDDC002CE088 /* mission .swift */,
				2F9B1EC829275F4F002CE088 /* Bundle-Decoadable.swift */,
				2F9B1EC229275A87002CE088 /* astronauts.json */,
				2F9B1EC429275A93002CE088 /* missions.json */,
				2FF5ECD2290DAC19001D8209 /* Assets.xcassets */,
				2FF5ECD4290DAC19001D8209 /* Preview Content */,
			);
			path = MoonShot;
			sourceTree = "<group>";
		};
		2FF5ECD4290DAC19001D8209 /* Preview Content */ = {
			isa = PBXGroup;
			children = (
				2FF5ECD5290DAC19001D8209 /* Preview Assets.xcassets */,
			);
			path = "Preview Content";
			sourceTree = "<group>";
		};
/* End PBXGroup section */

/* Begin PBXNativeTarget section */
		2FF5ECCA290DAC15001D8209 /* MoonShot */ = {
			isa = PBXNativeTarget;
			buildConfigurationList = 2FF5ECD9290DAC19001D8209 /* Build configuration list for PBXNativeTarget "MoonShot" */;
			buildPhases = (
				2FF5ECC7290DAC15001D8209 /* Sources */,
				2FF5ECC8290DAC15001D8209 /* Frameworks */,
				2FF5ECC9290DAC15001D8209 /* Resources */,
			);
			buildRules = (
			);
			dependencies = (
			);
			name = MoonShot;
			productName = MoonShot;
			productReference = 2FF5ECCB290DAC15001D8209 /* MoonShot.app */;
			productType = "com.apple.product-type.application";
		};
/* End PBXNativeTarget section */

/* Begin PBXProject section */
		2FF5ECC3290DAC15001D8209 /* Project object */ = {
			isa = PBXProject;
			attributes = {
				BuildIndependentTargetsInParallel = 1;
				LastSwiftUpdateCheck = 1400;
				LastUpgradeCheck = 1400;
				TargetAttributes = {
					2FF5ECCA290DAC15001D8209 = {
						CreatedOnToolsVersion = 14.0.1;
					};
				};
			};
			buildConfigurationList = 2FF5ECC6290DAC15001D8209 /* Build configuration list for PBXProject "MoonShot" */;
			compatibilityVersion = "Xcode 14.0";
			developmentRegion = en;
			hasScannedForEncodings = 0;
			knownRegions = (
				en,
				Base,
			);
			mainGroup = 2FF5ECC2290DAC15001D8209;
			productRefGroup = 2FF5ECCC290DAC15001D8209 /* Products */;
			projectDirPath = "";
			projectRoot = "";
			targets = (
				2FF5ECCA290DAC15001D8209 /* MoonShot */,
			);
		};
/* End PBXProject section */

/* Begin PBXResourcesBuildPhase section */
		2FF5ECC9290DAC15001D8209 /* Resources */ = {
			isa = PBXResourcesBuildPhase;
			buildActionMask = 2147483647;
			files = (
				2F9B1EC329275A88002CE088 /* astronauts.json in Resources */,
				2FF5ECD6290DAC19001D8209 /* Preview Assets.xcassets in Resources */,
				2F9B1EC529275A93002CE088 /* missions.json in Resources */,
				2FF5ECD3290DAC19001D8209 /* Assets.xcassets in Resources */,
			);
			runOnlyForDeploymentPostprocessing = 0;
		};
/* End PBXResourcesBuildPhase section */

/* Begin PBXSourcesBuildPhase section */
		2FF5ECC7290DAC15001D8209 /* Sources */ = {
			isa = PBXSourcesBuildPhase;
			buildActionMask = 2147483647;
			files = (
				2F051A7C294DA1F80033D85A /* crewMembers.swift in Sources */,
				2F126B9529420A6600B89517 /* MissionView.swift in Sources */,
				2F9B1EC729275C96002CE088 /* Astronaut.swift in Sources */,
				2F87EE58294398D90068C8E3 /* AstronautView.swift in Sources */,
				2F43A01C2933EAE700A22A4C /* Color-Theme.swift in Sources */,
				2F9B1EC929275F4F002CE088 /* Bundle-Decoadable.swift in Sources */,
				2F9B1ECB2927BDDC002CE088 /* mission .swift in Sources */,
				2FF5ECD1290DAC15001D8209 /* ContentView.swift in Sources */,
				2FF5ECCF290DAC15001D8209 /* MoonShotApp.swift in Sources */,
			);
			runOnlyForDeploymentPostprocessing = 0;
		};
/* End PBXSourcesBuildPhase section */

/* Begin XCBuildConfiguration section */
		2FF5ECD7290DAC19001D8209 /* Debug */ = {
			isa = XCBuildConfiguration;
			buildSettings = {
				ALWAYS_SEARCH_USER_PATHS = NO;
				CLANG_ANALYZER_NONNULL = YES;
				CLANG_ANALYZER_NUMBER_OBJECT_CONVERSION = YES_AGGRESSIVE;
				CLANG_CXX_LANGUAGE_STANDARD = "gnu++20";
				CLANG_ENABLE_MODULES = YES;
				CLANG_ENABLE_OBJC_ARC = YES;
				CLANG_ENABLE_OBJC_WEAK = YES;
				CLANG_WARN_BLOCK_CAPTURE_AUTORELEASING = YES;
				CLANG_WARN_BOOL_CONVERSION = YES;
				CLANG_WARN_COMMA = YES;
				CLANG_WARN_CONSTANT_CONVERSION = YES;
				CLANG_WARN_DEPRECATED_OBJC_IMPLEMENTATIONS = YES;
				CLANG_WARN_DIRECT_OBJC_ISA_USAGE = YES_ERROR;
				CLANG_WARN_DOCUMENTATION_COMMENTS = YES;
				CLANG_WARN_EMPTY_BODY = YES;
				CLANG_WARN_ENUM_CONVERSION = YES;
				CLANG_WARN_INFINITE_RECURSION = YES;
				CLANG_WARN_INT_CONVERSION = YES;
				CLANG_WARN_NON_LITERAL_NULL_CONVERSION = YES;
				CLANG_WARN_OBJC_IMPLICIT_RETAIN_SELF = YES;
				CLANG_WARN_OBJC_LITERAL_CONVERSION = YES;
				CLANG_WARN_OBJC_ROOT_CLASS = YES_ERROR;
				CLANG_WARN_QUOTED_INCLUDE_IN_FRAMEWORK_HEADER = YES;
				CLANG_WARN_RANGE_LOOP_ANALYSIS = YES;
				CLANG_WARN_STRICT_PROTOTYPES = YES;
				CLANG_WARN_SUSPICIOUS_MOVE = YES;
				CLANG_WARN_UNGUARDED_AVAILABILITY = YES_AGGRESSIVE;
				CLANG_WARN_UNREACHABLE_CODE = YES;
				CLANG_WARN__DUPLICATE_METHOD_MATCH = YES;
				COPY_PHASE_STRIP = NO;
				DEBUG_INFORMATION_FORMAT = dwarf;
				ENABLE_STRICT_OBJC_MSGSEND = YES;
				ENABLE_TESTABILITY = YES;
				GCC_C_LANGUAGE_STANDARD = gnu11;
				GCC_DYNAMIC_NO_PIC = NO;
				GCC_NO_COMMON_BLOCKS = YES;
				GCC_OPTIMIZATION_LEVEL = 0;
				GCC_PREPROCESSOR_DEFINITIONS = (
					"DEBUG=1",
					"$(inherited)",
				);
				GCC_WARN_64_TO_32_BIT_CONVERSION = YES;
				GCC_WARN_ABOUT_RETURN_TYPE = YES_ERROR;
				GCC_WARN_UNDECLARED_SELECTOR = YES;
				GCC_WARN_UNINITIALIZED_AUTOS = YES_AGGRESSIVE;
				GCC_WARN_UNUSED_FUNCTION = YES;
				GCC_WARN_UNUSED_VARIABLE = YES;
				IPHONEOS_DEPLOYMENT_TARGET = 16.0;
				MTL_ENABLE_DEBUG_INFO = INCLUDE_SOURCE;
				MTL_FAST_MATH = YES;
				ONLY_ACTIVE_ARCH = YES;
				SDKROOT = iphoneos;
				SWIFT_ACTIVE_COMPILATION_CONDITIONS = DEBUG;
				SWIFT_OPTIMIZATION_LEVEL = "-Onone";
			};
			name = Debug;
		};
		2FF5ECD8290DAC19001D8209 /* Release */ = {
			isa = XCBuildConfiguration;
			buildSettings = {
				ALWAYS_SEARCH_USER_PATHS = NO;
				CLANG_ANALYZER_NONNULL = YES;
				CLANG_ANALYZER_NUMBER_OBJECT_CONVERSION = YES_AGGRESSIVE;
				CLANG_CXX_LANGUAGE_STANDARD = "gnu++20";
				CLANG_ENABLE_MODULES = YES;
				CLANG_ENABLE_OBJC_ARC = YES;
				CLANG_ENABLE_OBJC_WEAK = YES;
				CLANG_WARN_BLOCK_CAPTURE_AUTORELEASING = YES;
				CLANG_WARN_BOOL_CONVERSION = YES;
				CLANG_WARN_COMMA = YES;
				CLANG_WARN_CONSTANT_CONVERSION = YES;
				CLANG_WARN_DEPRECATED_OBJC_IMPLEMENTATIONS = YES;
				CLANG_WARN_DIRECT_OBJC_ISA_USAGE = YES_ERROR;
				CLANG_WARN_DOCUMENTATION_COMMENTS = YES;
				CLANG_WARN_EMPTY_BODY = YES;
				CLANG_WARN_ENUM_CONVERSION = YES;
				CLANG_WARN_INFINITE_RECURSION = YES;
				CLANG_WARN_INT_CONVERSION = YES;
				CLANG_WARN_NON_LITERAL_NULL_CONVERSION = YES;
				CLANG_WARN_OBJC_IMPLICIT_RETAIN_SELF = YES;
				CLANG_WARN_OBJC_LITERAL_CONVERSION = YES;
				CLANG_WARN_OBJC_ROOT_CLASS = YES_ERROR;
				CLANG_WARN_QUOTED_INCLUDE_IN_FRAMEWORK_HEADER = YES;
				CLANG_WARN_RANGE_LOOP_ANALYSIS = YES;
				CLANG_WARN_STRICT_PROTOTYPES = YES;
				CLANG_WARN_SUSPICIOUS_MOVE = YES;
				CLANG_WARN_UNGUARDED_AVAILABILITY = YES_AGGRESSIVE;
				CLANG_WARN_UNREACHABLE_CODE = YES;
				CLANG_WARN__DUPLICATE_METHOD_MATCH = YES;
				COPY_PHASE_STRIP = NO;
				DEBUG_INFORMATION_FORMAT = "dwarf-with-dsym";
				ENABLE_NS_ASSERTIONS = NO;
				ENABLE_STRICT_OBJC_MSGSEND = YES;
				GCC_C_LANGUAGE_STANDARD = gnu11;
				GCC_NO_COMMON_BLOCKS = YES;
				GCC_WARN_64_TO_32_BIT_CONVERSION = YES;
				GCC_WARN_ABOUT_RETURN_TYPE = YES_ERROR;
				GCC_WARN_UNDECLARED_SELECTOR = YES;
				GCC_WARN_UNINITIALIZED_AUTOS = YES_AGGRESSIVE;
				GCC_WARN_UNUSED_FUNCTION = YES;
				GCC_WARN_UNUSED_VARIABLE = YES;
				IPHONEOS_DEPLOYMENT_TARGET = 16.0;
				MTL_ENABLE_DEBUG_INFO = NO;
				MTL_FAST_MATH = YES;
				SDKROOT = iphoneos;
				SWIFT_COMPILATION_MODE = wholemodule;
				SWIFT_OPTIMIZATION_LEVEL = "-O";
				VALIDATE_PRODUCT = YES;
			};
			name = Release;
		};
		2FF5ECDA290DAC19001D8209 /* Debug */ = {
			isa = XCBuildConfiguration;
			buildSettings = {
				ASSETCATALOG_COMPILER_APPICON_NAME = AppIcon;
				ASSETCATALOG_COMPILER_GLOBAL_ACCENT_COLOR_NAME = AccentColor;
				CODE_SIGN_STYLE = Automatic;
				CURRENT_PROJECT_VERSION = 1;
				DEVELOPMENT_ASSET_PATHS = "\"MoonShot/Preview Content\"";
				DEVELOPMENT_TEAM = 55L48W2DHK;
				ENABLE_PREVIEWS = YES;
				GENERATE_INFOPLIST_FILE = YES;
				INFOPLIST_KEY_UIApplicationSceneManifest_Generation = YES;
				INFOPLIST_KEY_UIApplicationSupportsIndirectInputEvents = YES;
				INFOPLIST_KEY_UILaunchScreen_Generation = YES;
				INFOPLIST_KEY_UISupportedInterfaceOrientations_iPad = "UIInterfaceOrientationPortrait UIInterfaceOrientationPortraitUpsideDown UIInterfaceOrientationLandscapeLeft UIInterfaceOrientationLandscapeRight";
				INFOPLIST_KEY_UISupportedInterfaceOrientations_iPhone = "UIInterfaceOrientationPortrait UIInterfaceOrientationLandscapeLeft UIInterfaceOrientationLandscapeRight";
				LD_RUNPATH_SEARCH_PATHS = (
					"$(inherited)",
					"@executable_path/Frameworks",
				);
				MARKETING_VERSION = 1.0;
				PRODUCT_BUNDLE_IDENTIFIER = hamza.MoonShot;
				PRODUCT_NAME = "$(TARGET_NAME)";
				SWIFT_EMIT_LOC_STRINGS = YES;
				SWIFT_VERSION = 5.0;
				TARGETED_DEVICE_FAMILY = "1,2";
			};
			name = Debug;
		};
		2FF5ECDB290DAC19001D8209 /* Release */ = {
			isa = XCBuildConfiguration;
			buildSettings = {
				ASSETCATALOG_COMPILER_APPICON_NAME = AppIcon;
				ASSETCATALOG_COMPILER_GLOBAL_ACCENT_COLOR_NAME = AccentColor;
				CODE_SIGN_STYLE = Automatic;
				CURRENT_PROJECT_VERSION = 1;
				DEVELOPMENT_ASSET_PATHS = "\"MoonShot/Preview Content\"";
				DEVELOPMENT_TEAM = 55L48W2DHK;
				ENABLE_PREVIEWS = YES;
				GENERATE_INFOPLIST_FILE = YES;
				INFOPLIST_KEY_UIApplicationSceneManifest_Generation = YES;
				INFOPLIST_KEY_UIApplicationSupportsIndirectInputEvents = YES;
				INFOPLIST_KEY_UILaunchScreen_Generation = YES;
				INFOPLIST_KEY_UISupportedInterfaceOrientations_iPad = "UIInterfaceOrientationPortrait UIInterfaceOrientationPortraitUpsideDown UIInterfaceOrientationLandscapeLeft UIInterfaceOrientationLandscapeRight";
				INFOPLIST_KEY_UISupportedInterfaceOrientations_iPhone = "UIInterfaceOrientationPortrait UIInterfaceOrientationLandscapeLeft UIInterfaceOrientationLandscapeRight";
				LD_RUNPATH_SEARCH_PATHS = (
					"$(inherited)",
					"@executable_path/Frameworks",
				);
				MARKETING_VERSION = 1.0;
				PRODUCT_BUNDLE_IDENTIFIER = hamza.MoonShot;
				PRODUCT_NAME = "$(TARGET_NAME)";
				SWIFT_EMIT_LOC_STRINGS = YES;
				SWIFT_VERSION = 5.0;
				TARGETED_DEVICE_FAMILY = "1,2";
			};
			name = Release;
		};
/* End XCBuildConfiguration section */

/* Begin XCConfigurationList section */
		2FF5ECC6290DAC15001D8209 /* Build configuration list for PBXProject "MoonShot" */ = {
			isa = XCConfigurationList;
			buildConfigurations = (
				2FF5ECD7290DAC19001D8209 /* Debug */,
				2FF5ECD8290DAC19001D8209 /* Release */,
			);
			defaultConfigurationIsVisible = 0;
			defaultConfigurationName = Release;
		};
		2FF5ECD9290DAC19001D8209 /* Build configuration list for PBXNativeTarget "MoonShot" */ = {
			isa = XCConfigurationList;
			buildConfigurations = (
				2FF5ECDA290DAC19001D8209 /* Debug */,
				2FF5ECDB290DAC19001D8209 /* Release */,
			);
			defaultConfigurationIsVisible = 0;
			defaultConfigurationName = Release;
		};
/* End XCConfigurationList section */
	};
	rootObject = 2FF5ECC3290DAC15001D8209 /* Project object */;
}
